// !$*UTF8*$!
{
	archiveVersion = 1;
	classes = {
	};
	objectVersion = 50;
	objects = {

/* Begin PBXBuildFile section */
		9F1149AA2084F466006D0EF8 /* AppDelegate.swift in Sources */ = {isa = PBXBuildFile; fileRef = 9F1149A92084F466006D0EF8 /* AppDelegate.swift */; };
		9F1149AC2084F466006D0EF8 /* VC1.swift in Sources */ = {isa = PBXBuildFile; fileRef = 9F1149AB2084F466006D0EF8 /* VC1.swift */; };
		9F1149AF2084F466006D0EF8 /* Main.storyboard in Resources */ = {isa = PBXBuildFile; fileRef = 9F1149AD2084F466006D0EF8 /* Main.storyboard */; };
		9F1149B12084F467006D0EF8 /* Assets.xcassets in Resources */ = {isa = PBXBuildFile; fileRef = 9F1149B02084F467006D0EF8 /* Assets.xcassets */; };
		9F1149B42084F467006D0EF8 /* LaunchScreen.storyboard in Resources */ = {isa = PBXBuildFile; fileRef = 9F1149B22084F467006D0EF8 /* LaunchScreen.storyboard */; };
		9F1149BD2085223E006D0EF8 /* SideBySidePushTransitionAnimator.swift in Sources */ = {isa = PBXBuildFile; fileRef = 9F1149BB2085223E006D0EF8 /* SideBySidePushTransitionAnimator.swift */; };
		9F1149BE2085223E006D0EF8 /* SideBySidePushInteractor.swift in Sources */ = {isa = PBXBuildFile; fileRef = 9F1149BC2085223E006D0EF8 /* SideBySidePushInteractor.swift */; };
		9F1149C020852246006D0EF8 /* BaseNC.swift in Sources */ = {isa = PBXBuildFile; fileRef = 9F1149BF20852246006D0EF8 /* BaseNC.swift */; };
		9F1149C22085245F006D0EF8 /* VC2.swift in Sources */ = {isa = PBXBuildFile; fileRef = 9F1149C12085245F006D0EF8 /* VC2.swift */; };
		9F1149C42085246A006D0EF8 /* VC3.swift in Sources */ = {isa = PBXBuildFile; fileRef = 9F1149C32085246A006D0EF8 /* VC3.swift */; };
/* End PBXBuildFile section */

/* Begin PBXFileReference section */
		9F1149A62084F466006D0EF8 /* NavigationTransitions.app */ = {isa = PBXFileReference; explicitFileType = wrapper.application; includeInIndex = 0; path = NavigationTransitions.app; sourceTree = BUILT_PRODUCTS_DIR; };
		9F1149A92084F466006D0EF8 /* AppDelegate.swift */ = {isa = PBXFileReference; lastKnownFileType = sourcecode.swift; path = AppDelegate.swift; sourceTree = "<group>"; };
		9F1149AB2084F466006D0EF8 /* VC1.swift */ = {isa = PBXFileReference; lastKnownFileType = sourcecode.swift; path = VC1.swift; sourceTree = "<group>"; };
		9F1149AE2084F466006D0EF8 /* Base */ = {isa = PBXFileReference; lastKnownFileType = file.storyboard; name = Base; path = Base.lproj/Main.storyboard; sourceTree = "<group>"; };
		9F1149B02084F467006D0EF8 /* Assets.xcassets */ = {isa = PBXFileReference; lastKnownFileType = folder.assetcatalog; path = Assets.xcassets; sourceTree = "<group>"; };
		9F1149B32084F467006D0EF8 /* Base */ = {isa = PBXFileReference; lastKnownFileType = file.storyboard; name = Base; path = Base.lproj/LaunchScreen.storyboard; sourceTree = "<group>"; };
		9F1149B52084F467006D0EF8 /* Info.plist */ = {isa = PBXFileReference; lastKnownFileType = text.plist.xml; path = Info.plist; sourceTree = "<group>"; };
		9F1149BB2085223E006D0EF8 /* SideBySidePushTransitionAnimator.swift */ = {isa = PBXFileReference; fileEncoding = 4; lastKnownFileType = sourcecode.swift; path = SideBySidePushTransitionAnimator.swift; sourceTree = "<group>"; };
		9F1149BC2085223E006D0EF8 /* SideBySidePushInteractor.swift */ = {isa = PBXFileReference; fileEncoding = 4; lastKnownFileType = sourcecode.swift; path = SideBySidePushInteractor.swift; sourceTree = "<group>"; };
		9F1149BF20852246006D0EF8 /* BaseNC.swift */ = {isa = PBXFileReference; fileEncoding = 4; lastKnownFileType = sourcecode.swift; path = BaseNC.swift; sourceTree = "<group>"; };
		9F1149C12085245F006D0EF8 /* VC2.swift */ = {isa = PBXFileReference; lastKnownFileType = sourcecode.swift; path = VC2.swift; sourceTree = "<group>"; };
		9F1149C32085246A006D0EF8 /* VC3.swift */ = {isa = PBXFileReference; lastKnownFileType = sourcecode.swift; path = VC3.swift; sourceTree = "<group>"; };
/* End PBXFileReference section */

/* Begin PBXFrameworksBuildPhase section */
		9F1149A32084F466006D0EF8 /* Frameworks */ = {
			isa = PBXFrameworksBuildPhase;
			buildActionMask = 2147483647;
			files = (
			);
			runOnlyForDeploymentPostprocessing = 0;
		};
/* End PBXFrameworksBuildPhase section */

/* Begin PBXGroup section */
		9F11499D2084F466006D0EF8 = {
			isa = PBXGroup;
			children = (
				9F1149A82084F466006D0EF8 /* NavigationTransitions */,
				9F1149A72084F466006D0EF8 /* Products */,
			);
			sourceTree = "<group>";
		};
		9F1149A72084F466006D0EF8 /* Products */ = {
			isa = PBXGroup;
			children = (
				9F1149A62084F466006D0EF8 /* NavigationTransitions.app */,
			);
			name = Products;
			sourceTree = "<group>";
		};
		9F1149A82084F466006D0EF8 /* NavigationTransitions */ = {
			isa = PBXGroup;
			children = (
				9F1149A92084F466006D0EF8 /* AppDelegate.swift */,
				9F1149AB2084F466006D0EF8 /* VC1.swift */,
				9F1149C12085245F006D0EF8 /* VC2.swift */,
				9F1149C32085246A006D0EF8 /* VC3.swift */,
				9F1149BF20852246006D0EF8 /* BaseNC.swift */,
				9F1149BB2085223E006D0EF8 /* SideBySidePushTransitionAnimator.swift */,
				9F1149BC2085223E006D0EF8 /* SideBySidePushInteractor.swift */,
				9F1149AD2084F466006D0EF8 /* Main.storyboard */,
				9F1149B02084F467006D0EF8 /* Assets.xcassets */,
				9F1149B22084F467006D0EF8 /* LaunchScreen.storyboard */,
				9F1149B52084F467006D0EF8 /* Info.plist */,
			);
			path = NavigationTransitions;
			sourceTree = "<group>";
		};
/* End PBXGroup section */

/* Begin PBXNativeTarget section */
		9F1149A52084F466006D0EF8 /* NavigationTransitions */ = {
			isa = PBXNativeTarget;
			buildConfigurationList = 9F1149B82084F467006D0EF8 /* Build configuration list for PBXNativeTarget "NavigationTransitions" */;
			buildPhases = (
				9F1149A22084F466006D0EF8 /* Sources */,
				9F1149A32084F466006D0EF8 /* Frameworks */,
				9F1149A42084F466006D0EF8 /* Resources */,
			);
			buildRules = (
			);
			dependencies = (
			);
			name = NavigationTransitions;
			productName = NavigationTransitions;
			productReference = 9F1149A62084F466006D0EF8 /* NavigationTransitions.app */;
			productType = "com.apple.product-type.application";
		};
/* End PBXNativeTarget section */

/* Begin PBXProject section */
		9F11499E2084F466006D0EF8 /* Project object */ = {
			isa = PBXProject;
			attributes = {
				LastSwiftUpdateCheck = 0930;
				LastUpgradeCheck = 0930;
				ORGANIZATIONNAME = Chili;
				TargetAttributes = {
					9F1149A52084F466006D0EF8 = {
						CreatedOnToolsVersion = 9.3;
					};
				};
			};
			buildConfigurationList = 9F1149A12084F466006D0EF8 /* Build configuration list for PBXProject "NavigationTransitions" */;
			compatibilityVersion = "Xcode 9.3";
			developmentRegion = en;
			hasScannedForEncodings = 0;
			knownRegions = (
				en,
				Base,
			);
			mainGroup = 9F11499D2084F466006D0EF8;
			productRefGroup = 9F1149A72084F466006D0EF8 /* Products */;
			projectDirPath = "";
			projectRoot = "";
			targets = (
				9F1149A52084F466006D0EF8 /* NavigationTransitions */,
			);
		};
/* End PBXProject section */

/* Begin PBXResourcesBuildPhase section */
		9F1149A42084F466006D0EF8 /* Resources */ = {
			isa = PBXResourcesBuildPhase;
			buildActionMask = 2147483647;
			files = (
				9F1149B42084F467006D0EF8 /* LaunchScreen.storyboard in Resources */,
				9F1149B12084F467006D0EF8 /* Assets.xcassets in Resources */,
				9F1149AF2084F466006D0EF8 /* Main.storyboard in Resources */,
			);
			runOnlyForDeploymentPostprocessing = 0;
		};
/* End PBXResourcesBuildPhase section */

/* Begin PBXSourcesBuildPhase section */
		9F1149A22084F466006D0EF8 /* Sources */ = {
			isa = PBXSourcesBuildPhase;
			buildActionMask = 2147483647;
			files = (
				9F1149AC2084F466006D0EF8 /* VC1.swift in Sources */,
				9F1149C020852246006D0EF8 /* BaseNC.swift in Sources */,
				9F1149BE2085223E006D0EF8 /* SideBySidePushInteractor.swift in Sources */,
				9F1149C22085245F006D0EF8 /* VC2.swift in Sources */,
				9F1149C42085246A006D0EF8 /* VC3.swift in Sources */,
				9F1149BD2085223E006D0EF8 /* SideBySidePushTransitionAnimator.swift in Sources */,
				9F1149AA2084F466006D0EF8 /* AppDelegate.swift in Sources */,
			);
			runOnlyForDeploymentPostprocessing = 0;
		};
/* End PBXSourcesBuildPhase section */

/* Begin PBXVariantGroup section */
		9F1149AD2084F466006D0EF8 /* Main.storyboard */ = {
			isa = PBXVariantGroup;
			children = (
				9F1149AE2084F466006D0EF8 /* Base */,
			);
			name = Main.storyboard;
			sourceTree = "<group>";
		};
		9F1149B22084F467006D0EF8 /* LaunchScreen.storyboard */ = {
			isa = PBXVariantGroup;
			children = (
				9F1149B32084F467006D0EF8 /* Base */,
			);
			name = LaunchScreen.storyboard;
			sourceTree = "<group>";
		};
/* End PBXVariantGroup section */

/* Begin XCBuildConfiguration section */
		9F1149B62084F467006D0EF8 /* Debug */ = {
			isa = XCBuildConfiguration;
			buildSettings = {
				ALWAYS_SEARCH_USER_PATHS = NO;
				CLANG_ANALYZER_NONNULL = YES;
				CLANG_ANALYZER_NUMBER_OBJECT_CONVERSION = YES_AGGRESSIVE;
				CLANG_CXX_LANGUAGE_STANDARD = "gnu++14";
				CLANG_CXX_LIBRARY = "libc++";
				CLANG_ENABLE_MODULES = YES;
				CLANG_ENABLE_OBJC_ARC = YES;
				CLANG_ENABLE_OBJC_WEAK = YES;
				CLANG_WARN_BLOCK_CAPTURE_AUTORELEASING = YES;
				CLANG_WARN_BOOL_CONVERSION = YES;
				CLANG_WARN_COMMA = YES;
				CLANG_WARN_CONSTANT_CONVERSION = YES;
				CLANG_WARN_DEPRECATED_OBJC_IMPLEMENTATIONS = YES;
				CLANG_WARN_DIRECT_OBJC_ISA_USAGE = YES_ERROR;
				CLANG_WARN_DOCUMENTATION_COMMENTS = YES;
				CLANG_WARN_EMPTY_BODY = YES;
				CLANG_WARN_ENUM_CONVERSION = YES;
				CLANG_WARN_INFINITE_RECURSION = YES;
				CLANG_WARN_INT_CONVERSION = YES;
				CLANG_WARN_NON_LITERAL_NULL_CONVERSION = YES;
				CLANG_WARN_OBJC_IMPLICIT_RETAIN_SELF = YES;
				CLANG_WARN_OBJC_LITERAL_CONVERSION = YES;
				CLANG_WARN_OBJC_ROOT_CLASS = YES_ERROR;
				CLANG_WARN_RANGE_LOOP_ANALYSIS = YES;
				CLANG_WARN_STRICT_PROTOTYPES = YES;
				CLANG_WARN_SUSPICIOUS_MOVE = YES;
				CLANG_WARN_UNGUARDED_AVAILABILITY = YES_AGGRESSIVE;
				CLANG_WARN_UNREACHABLE_CODE = YES;
				CLANG_WARN__DUPLICATE_METHOD_MATCH = YES;
				CODE_SIGN_IDENTITY = "iPhone Developer";
				COPY_PHASE_STRIP = NO;
				DEBUG_INFORMATION_FORMAT = dwarf;
				ENABLE_STRICT_OBJC_MSGSEND = YES;
				ENABLE_TESTABILITY = YES;
				GCC_C_LANGUAGE_STANDARD = gnu11;
				GCC_DYNAMIC_NO_PIC = NO;
				GCC_NO_COMMON_BLOCKS = YES;
				GCC_OPTIMIZATION_LEVEL = 0;
				GCC_PREPROCESSOR_DEFINITIONS = (
					"DEBUG=1",
					"$(inherited)",
				);
				GCC_WARN_64_TO_32_BIT_CONVERSION = YES;
				GCC_WARN_ABOUT_RETURN_TYPE = YES_ERROR;
				GCC_WARN_UNDECLARED_SELECTOR = YES;
				GCC_WARN_UNINITIALIZED_AUTOS = YES_AGGRESSIVE;
				GCC_WARN_UNUSED_FUNCTION = YES;
				GCC_WARN_UNUSED_VARIABLE = YES;
				IPHONEOS_DEPLOYMENT_TARGET = 11.3;
				MTL_ENABLE_DEBUG_INFO = YES;
				ONLY_ACTIVE_ARCH = YES;
				SDKROOT = iphoneos;
				SWIFT_ACTIVE_COMPILATION_CONDITIONS = DEBUG;
				SWIFT_OPTIMIZATION_LEVEL = "-Onone";
			};
			name = Debug;
		};
		9F1149B72084F467006D0EF8 /* Release */ = {
			isa = XCBuildConfiguration;
			buildSettings = {
				ALWAYS_SEARCH_USER_PATHS = NO;
				CLANG_ANALYZER_NONNULL = YES;
				CLANG_ANALYZER_NUMBER_OBJECT_CONVERSION = YES_AGGRESSIVE;
				CLANG_CXX_LANGUAGE_STANDARD = "gnu++14";
				CLANG_CXX_LIBRARY = "libc++";
				CLANG_ENABLE_MODULES = YES;
				CLANG_ENABLE_OBJC_ARC = YES;
				CLANG_ENABLE_OBJC_WEAK = YES;
				CLANG_WARN_BLOCK_CAPTURE_AUTORELEASING = YES;
				CLANG_WARN_BOOL_CONVERSION = YES;
				CLANG_WARN_COMMA = YES;
				CLANG_WARN_CONSTANT_CONVERSION = YES;
				CLANG_WARN_DEPRECATED_OBJC_IMPLEMENTATIONS = YES;
				CLANG_WARN_DIRECT_OBJC_ISA_USAGE = YES_ERROR;
				CLANG_WARN_DOCUMENTATION_COMMENTS = YES;
				CLANG_WARN_EMPTY_BODY = YES;
				CLANG_WARN_ENUM_CONVERSION = YES;
				CLANG_WARN_INFINITE_RECURSION = YES;
				CLANG_WARN_INT_CONVERSION = YES;
				CLANG_WARN_NON_LITERAL_NULL_CONVERSION = YES;
				CLANG_WARN_OBJC_IMPLICIT_RETAIN_SELF = YES;
				CLANG_WARN_OBJC_LITERAL_CONVERSION = YES;
				CLANG_WARN_OBJC_ROOT_CLASS = YES_ERROR;
				CLANG_WARN_RANGE_LOOP_ANALYSIS = YES;
				CLANG_WARN_STRICT_PROTOTYPES = YES;
				CLANG_WARN_SUSPICIOUS_MOVE = YES;
				CLANG_WARN_UNGUARDED_AVAILABILITY = YES_AGGRESSIVE;
				CLANG_WARN_UNREACHABLE_CODE = YES;
				CLANG_WARN__DUPLICATE_METHOD_MATCH = YES;
				CODE_SIGN_IDENTITY = "iPhone Developer";
				COPY_PHASE_STRIP = NO;
				DEBUG_INFORMATION_FORMAT = "dwarf-with-dsym";
				ENABLE_NS_ASSERTIONS = NO;
				ENABLE_STRICT_OBJC_MSGSEND = YES;
				GCC_C_LANGUAGE_STANDARD = gnu11;
				GCC_NO_COMMON_BLOCKS = YES;
				GCC_WARN_64_TO_32_BIT_CONVERSION = YES;
				GCC_WARN_ABOUT_RETURN_TYPE = YES_ERROR;
				GCC_WARN_UNDECLARED_SELECTOR = YES;
				GCC_WARN_UNINITIALIZED_AUTOS = YES_AGGRESSIVE;
				GCC_WARN_UNUSED_FUNCTION = YES;
				GCC_WARN_UNUSED_VARIABLE = YES;
				IPHONEOS_DEPLOYMENT_TARGET = 11.3;
				MTL_ENABLE_DEBUG_INFO = NO;
				SDKROOT = iphoneos;
				SWIFT_COMPILATION_MODE = wholemodule;
				SWIFT_OPTIMIZATION_LEVEL = "-O";
				VALIDATE_PRODUCT = YES;
			};
			name = Release;
		};
		9F1149B92084F467006D0EF8 /* Debug */ = {
			isa = XCBuildConfiguration;
			buildSettings = {
				ASSETCATALOG_COMPILER_APPICON_NAME = AppIcon;
				CODE_SIGN_STYLE = Automatic;
				DEVELOPMENT_TEAM = 3P22SXG56M;
				INFOPLIST_FILE = NavigationTransitions/Info.plist;
				LD_RUNPATH_SEARCH_PATHS = (
					"$(inherited)",
					"@executable_path/Frameworks",
				);
				PRODUCT_BUNDLE_IDENTIFIER = lv.chi.NavigationTransitions;
				PRODUCT_NAME = "$(TARGET_NAME)";
				SWIFT_VERSION = 4.0;
				TARGETED_DEVICE_FAMILY = "1,2";
			};
			name = Debug;
		};
		9F1149BA2084F467006D0EF8 /* Release */ = {
			isa = XCBuildConfiguration;
			buildSettings = {
				ASSETCATALOG_COMPILER_APPICON_NAME = AppIcon;
				CODE_SIGN_STYLE = Automatic;
				DEVELOPMENT_TEAM = 3P22SXG56M;
				INFOPLIST_FILE = NavigationTransitions/Info.plist;
				LD_RUNPATH_SEARCH_PATHS = (
					"$(inherited)",
					"@executable_path/Frameworks",
				);
				PRODUCT_BUNDLE_IDENTIFIER = lv.chi.NavigationTransitions;
				PRODUCT_NAME = "$(TARGET_NAME)";
				SWIFT_VERSION = 4.0;
				TARGETED_DEVICE_FAMILY = "1,2";
			};
			name = Release;
		};
/* End XCBuildConfiguration section */

/* Begin XCConfigurationList section */
		9F1149A12084F466006D0EF8 /* Build configuration list for PBXProject "NavigationTransitions" */ = {
			isa = XCConfigurationList;
			buildConfigurations = (
				9F1149B62084F467006D0EF8 /* Debug */,
				9F1149B72084F467006D0EF8 /* Release */,
			);
			defaultConfigurationIsVisible = 0;
			defaultConfigurationName = Release;
		};
		9F1149B82084F467006D0EF8 /* Build configuration list for PBXNativeTarget "NavigationTransitions" */ = {
			isa = XCConfigurationList;
			buildConfigurations = (
				9F1149B92084F467006D0EF8 /* Debug */,
				9F1149BA2084F467006D0EF8 /* Release */,
			);
			defaultConfigurationIsVisible = 0;
			defaultConfigurationName = Release;
		};
/* End XCConfigurationList section */
	};
	rootObject = 9F11499E2084F466006D0EF8 /* Project object */;
}
